
Microsoft Visual Studio Solution File, Format Version 12.00
# Visual Studio Version 16
VisualStudioVersion = 16.0.30717.126
MinimumVisualStudioVersion = 10.0.40219.1
Project("{FAE04EC0-301F-11D3-BF4B-00C04F79EFBC}") = "Mercadito Verde", "Mercadito Verde.csproj", "{5027753E-8E3B-4B41-9BCF-D2716749AEB3}"
EndProject
Project("{FAE04EC0-301F-11D3-BF4B-00C04F79EFBC}") = "Mercadito Verde.Tests", "..\Mercadito Verde.Tests\Mercadito Verde.Tests.csproj", "{AF33BBCC-24B5-481F-9655-5FC861A4A8E4}"
EndProject
Global
	GlobalSection(SolutionConfigurationPlatforms) = preSolution
		Debug|Any CPU = Debug|Any CPU
		Release|Any CPU = Release|Any CPU
	EndGlobalSection
	GlobalSection(ProjectConfigurationPlatforms) = postSolution
		{5027753E-8E3B-4B41-9BCF-D2716749AEB3}.Debug|Any CPU.ActiveCfg = Debug|Any CPU
		{5027753E-8E3B-4B41-9BCF-D2716749AEB3}.Debug|Any CPU.Build.0 = Debug|Any CPU
		{5027753E-8E3B-4B41-9BCF-D2716749AEB3}.Release|Any CPU.ActiveCfg = Release|Any CPU
		{5027753E-8E3B-4B41-9BCF-D2716749AEB3}.Release|Any CPU.Build.0 = Release|Any CPU
		{AF33BBCC-24B5-481F-9655-5FC861A4A8E4}.Debug|Any CPU.ActiveCfg = Debug|Any CPU
		{AF33BBCC-24B5-481F-9655-5FC861A4A8E4}.Debug|Any CPU.Build.0 = Debug|Any CPU
		{AF33BBCC-24B5-481F-9655-5FC861A4A8E4}.Release|Any CPU.ActiveCfg = Release|Any CPU
		{AF33BBCC-24B5-481F-9655-5FC861A4A8E4}.Release|Any CPU.Build.0 = Release|Any CPU
	EndGlobalSection
	GlobalSection(SolutionProperties) = preSolution
		HideSolutionNode = FALSE
	EndGlobalSection
	GlobalSection(ExtensibilityGlobals) = postSolution
		SolutionGuid = {BA0B6145-F4D9-43EA-8AED-2C5AD40B40FD}
	EndGlobalSection
EndGlobal
